
Microsoft Visual Studio Solution File, Format Version 12.00
# Visual Studio 14
VisualStudioVersion = 14.0.24720.0
MinimumVisualStudioVersion = 10.0.40219.1
Project("{FAE04EC0-301F-11D3-BF4B-00C04F79EFBC}") = "HackerRank.Net", "HackerRank.Net\HackerRank.Net.csproj", "{86BF01C8-6BAE-486E-932C-B56C8800358E}"
EndProject
Project("{FAE04EC0-301F-11D3-BF4B-00C04F79EFBC}") = "HackerRank.Net.Tests", "HackerRank.Net.Tests\HackerRank.Net.Tests.csproj", "{2C293909-DFE2-4F2E-8B3D-9169ED3F223E}"
EndProject
Global
	GlobalSection(SolutionConfigurationPlatforms) = preSolution
		Debug|Any CPU = Debug|Any CPU
		Release|Any CPU = Release|Any CPU
	EndGlobalSection
	GlobalSection(ProjectConfigurationPlatforms) = postSolution
		{86BF01C8-6BAE-486E-932C-B56C8800358E}.Debug|Any CPU.ActiveCfg = Debug|Any CPU
		{86BF01C8-6BAE-486E-932C-B56C8800358E}.Debug|Any CPU.Build.0 = Debug|Any CPU
		{86BF01C8-6BAE-486E-932C-B56C8800358E}.Release|Any CPU.ActiveCfg = Release|Any CPU
		{86BF01C8-6BAE-486E-932C-B56C8800358E}.Release|Any CPU.Build.0 = Release|Any CPU
		{2C293909-DFE2-4F2E-8B3D-9169ED3F223E}.Debug|Any CPU.ActiveCfg = Debug|Any CPU
		{2C293909-DFE2-4F2E-8B3D-9169ED3F223E}.Debug|Any CPU.Build.0 = Debug|Any CPU
		{2C293909-DFE2-4F2E-8B3D-9169ED3F223E}.Release|Any CPU.ActiveCfg = Release|Any CPU
		{2C293909-DFE2-4F2E-8B3D-9169ED3F223E}.Release|Any CPU.Build.0 = Release|Any CPU
	EndGlobalSection
	GlobalSection(SolutionProperties) = preSolution
		HideSolutionNode = FALSE
	EndGlobalSection
EndGlobal
